
Microsoft Visual Studio Solution File, Format Version 12.00
# Visual Studio Version 16
VisualStudioVersion = 16.0.30611.23
MinimumVisualStudioVersion = 10.0.40219.1
Project("{FAE04EC0-301F-11D3-BF4B-00C04F79EFBC}") = "main", "main\main.csproj", "{24F36411-3883-4D1B-B705-F63F09B4A7F2}"
EndProject
Global
	GlobalSection(SolutionConfigurationPlatforms) = preSolution
		Debug|Any CPU = Debug|Any CPU
		Release|Any CPU = Release|Any CPU
	EndGlobalSection
	GlobalSection(ProjectConfigurationPlatforms) = postSolution
		{24F36411-3883-4D1B-B705-F63F09B4A7F2}.Debug|Any CPU.ActiveCfg = Debug|Any CPU
		{24F36411-3883-4D1B-B705-F63F09B4A7F2}.Debug|Any CPU.Build.0 = Debug|Any CPU
		{24F36411-3883-4D1B-B705-F63F09B4A7F2}.Release|Any CPU.ActiveCfg = Release|Any CPU
		{24F36411-3883-4D1B-B705-F63F09B4A7F2}.Release|Any CPU.Build.0 = Release|Any CPU
	EndGlobalSection
	GlobalSection(SolutionProperties) = preSolution
		HideSolutionNode = FALSE
	EndGlobalSection
	GlobalSection(ExtensibilityGlobals) = postSolution
		SolutionGuid = {D114E05E-EF0C-42DD-A358-C27812AF1645}
	EndGlobalSection
EndGlobal
